
Microsoft Visual Studio Solution File, Format Version 12.00
# Visual Studio Version 16
VisualStudioVersion = 16.0.30907.101
MinimumVisualStudioVersion = 10.0.40219.1
Project("{FAE04EC0-301F-11D3-BF4B-00C04F79EFBC}") = "SalesWeb", "SalesWeb\SalesWeb.csproj", "{3C8E3AA2-2F4A-4F44-8675-55A58FF595CC}"
EndProject
Global
	GlobalSection(SolutionConfigurationPlatforms) = preSolution
		Debug|Any CPU = Debug|Any CPU
		Release|Any CPU = Release|Any CPU
	EndGlobalSection
	GlobalSection(ProjectConfigurationPlatforms) = postSolution
		{3C8E3AA2-2F4A-4F44-8675-55A58FF595CC}.Debug|Any CPU.ActiveCfg = Debug|Any CPU
		{3C8E3AA2-2F4A-4F44-8675-55A58FF595CC}.Debug|Any CPU.Build.0 = Debug|Any CPU
		{3C8E3AA2-2F4A-4F44-8675-55A58FF595CC}.Release|Any CPU.ActiveCfg = Release|Any CPU
		{3C8E3AA2-2F4A-4F44-8675-55A58FF595CC}.Release|Any CPU.Build.0 = Release|Any CPU
	EndGlobalSection
	GlobalSection(SolutionProperties) = preSolution
		HideSolutionNode = FALSE
	EndGlobalSection
	GlobalSection(ExtensibilityGlobals) = postSolution
		SolutionGuid = {635EBF35-03C6-4767-AE64-160C82ED1697}
	EndGlobalSection
EndGlobal
